
Microsoft Visual Studio Solution File, Format Version 12.00
# Visual Studio Version 17
VisualStudioVersion = 17.3.32825.248
MinimumVisualStudioVersion = 10.0.40219.1
Project("{FAE04EC0-301F-11D3-BF4B-00C04F79EFBC}") = "WebApplication", "WebApplication\WebApplication.csproj", "{A014325B-BF59-403A-B019-032C35E1B4D5}"
EndProject
Global
	GlobalSection(SolutionConfigurationPlatforms) = preSolution
		Debug|Any CPU = Debug|Any CPU
		Release|Any CPU = Release|Any CPU
	EndGlobalSection
	GlobalSection(ProjectConfigurationPlatforms) = postSolution
		{A014325B-BF59-403A-B019-032C35E1B4D5}.Debug|Any CPU.ActiveCfg = Debug|Any CPU
		{A014325B-BF59-403A-B019-032C35E1B4D5}.Debug|Any CPU.Build.0 = Debug|Any CPU
		{A014325B-BF59-403A-B019-032C35E1B4D5}.Release|Any CPU.ActiveCfg = Release|Any CPU
		{A014325B-BF59-403A-B019-032C35E1B4D5}.Release|Any CPU.Build.0 = Release|Any CPU
	EndGlobalSection
	GlobalSection(SolutionProperties) = preSolution
		HideSolutionNode = FALSE
	EndGlobalSection
	GlobalSection(ExtensibilityGlobals) = postSolution
		SolutionGuid = {D2B5CE5D-BB19-409D-9960-3B8675152F67}
	EndGlobalSection
EndGlobal
